
Microsoft Visual Studio Solution File, Format Version 12.00
# Visual Studio 15
Project("{FAE04EC0-301F-11D3-BF4B-00C04F79EFBC}") = "01_Task", "01_Task\01_Task.csproj", "{20CDAFDD-2F42-49B3-B93D-6B0ABD5D0ECA}"
EndProject
Project("{FAE04EC0-301F-11D3-BF4B-00C04F79EFBC}") = "02_Task", "02_Task\02_Task.csproj", "{EA91C337-E612-4F5A-B140-444C707679FC}"
EndProject
Project("{FAE04EC0-301F-11D3-BF4B-00C04F79EFBC}") = "03_Task", "03_Task\03_Task.csproj", "{6B6C98D1-5A4F-468E-B3FB-9865615116A2}"
EndProject
Project("{FAE04EC0-301F-11D3-BF4B-00C04F79EFBC}") = "04_Task", "04_Task\04_Task.csproj", "{7A25F9A2-534E-4A12-A899-3C25BBBB505A}"
EndProject
Project("{FAE04EC0-301F-11D3-BF4B-00C04F79EFBC}") = "10_Task", "10_Task\10_Task.csproj", "{2A85765B-79A3-45B5-8E89-A9ADAF41B100}"
EndProject
Project("{FAE04EC0-301F-11D3-BF4B-00C04F79EFBC}") = "05_Task", "05_Task\05_Task.csproj", "{66EDC2EB-15DB-4A70-9171-26D9593B78F4}"
EndProject
Project("{FAE04EC0-301F-11D3-BF4B-00C04F79EFBC}") = "06_Task", "06_Task\06_Task.csproj", "{88842104-74BE-4878-86A5-3A220AB70016}"
EndProject
Project("{FAE04EC0-301F-11D3-BF4B-00C04F79EFBC}") = "07_Task", "07_Task\07_Task.csproj", "{C3176FB6-4BEA-4982-8789-8F9AB4C957F3}"
EndProject
Project("{FAE04EC0-301F-11D3-BF4B-00C04F79EFBC}") = "08_Task", "08_Task\08_Task.csproj", "{D81E78EF-6A7F-4F30-91BB-6700D066AEA4}"
EndProject
Project("{FAE04EC0-301F-11D3-BF4B-00C04F79EFBC}") = "09_Task", "09_Task\09_Task.csproj", "{0A0C7D14-A738-475C-9E62-B6DF4DA391F6}"
EndProject
Project("{FAE04EC0-301F-11D3-BF4B-00C04F79EFBC}") = "11_Task", "11_Task\11_Task.csproj", "{8269A6C2-3517-49E9-A688-136499A32142}"
EndProject
Project("{FAE04EC0-301F-11D3-BF4B-00C04F79EFBC}") = "12_Task", "12_Task\12_Task.csproj", "{42EC7B74-E48B-4841-A4C8-D23B2AAAC215}"
EndProject
Project("{FAE04EC0-301F-11D3-BF4B-00C04F79EFBC}") = "13_Task", "13_Task\13_Task.csproj", "{77C6BF63-294A-4B6D-ACAD-56F5734B1E4C}"
EndProject
Project("{FAE04EC0-301F-11D3-BF4B-00C04F79EFBC}") = "14_Task", "14_Task\14_Task.csproj", "{8DFB4D21-3329-4FE0-A331-2EFF1FE8C793}"
EndProject
Project("{FAE04EC0-301F-11D3-BF4B-00C04F79EFBC}") = "15_Task", "15_Task\15_Task.csproj", "{B3DAD5C6-AA92-4501-B59D-20FAD8EBEDD2}"
EndProject
Global
	GlobalSection(SolutionConfigurationPlatforms) = preSolution
		Debug|Any CPU = Debug|Any CPU
		Release|Any CPU = Release|Any CPU
	EndGlobalSection
	GlobalSection(ProjectConfigurationPlatforms) = postSolution
		{20CDAFDD-2F42-49B3-B93D-6B0ABD5D0ECA}.Debug|Any CPU.ActiveCfg = Debug|Any CPU
		{20CDAFDD-2F42-49B3-B93D-6B0ABD5D0ECA}.Debug|Any CPU.Build.0 = Debug|Any CPU
		{20CDAFDD-2F42-49B3-B93D-6B0ABD5D0ECA}.Release|Any CPU.ActiveCfg = Release|Any CPU
		{20CDAFDD-2F42-49B3-B93D-6B0ABD5D0ECA}.Release|Any CPU.Build.0 = Release|Any CPU
		{EA91C337-E612-4F5A-B140-444C707679FC}.Debug|Any CPU.ActiveCfg = Debug|Any CPU
		{EA91C337-E612-4F5A-B140-444C707679FC}.Debug|Any CPU.Build.0 = Debug|Any CPU
		{EA91C337-E612-4F5A-B140-444C707679FC}.Release|Any CPU.ActiveCfg = Release|Any CPU
		{EA91C337-E612-4F5A-B140-444C707679FC}.Release|Any CPU.Build.0 = Release|Any CPU
		{6B6C98D1-5A4F-468E-B3FB-9865615116A2}.Debug|Any CPU.ActiveCfg = Debug|Any CPU
		{6B6C98D1-5A4F-468E-B3FB-9865615116A2}.Debug|Any CPU.Build.0 = Debug|Any CPU
		{6B6C98D1-5A4F-468E-B3FB-9865615116A2}.Release|Any CPU.ActiveCfg = Release|Any CPU
		{6B6C98D1-5A4F-468E-B3FB-9865615116A2}.Release|Any CPU.Build.0 = Release|Any CPU
		{7A25F9A2-534E-4A12-A899-3C25BBBB505A}.Debug|Any CPU.ActiveCfg = Debug|Any CPU
		{7A25F9A2-534E-4A12-A899-3C25BBBB505A}.Debug|Any CPU.Build.0 = Debug|Any CPU
		{7A25F9A2-534E-4A12-A899-3C25BBBB505A}.Release|Any CPU.ActiveCfg = Release|Any CPU
		{7A25F9A2-534E-4A12-A899-3C25BBBB505A}.Release|Any CPU.Build.0 = Release|Any CPU
		{2A85765B-79A3-45B5-8E89-A9ADAF41B100}.Debug|Any CPU.ActiveCfg = Debug|Any CPU
		{2A85765B-79A3-45B5-8E89-A9ADAF41B100}.Debug|Any CPU.Build.0 = Debug|Any CPU
		{2A85765B-79A3-45B5-8E89-A9ADAF41B100}.Release|Any CPU.ActiveCfg = Release|Any CPU
		{2A85765B-79A3-45B5-8E89-A9ADAF41B100}.Release|Any CPU.Build.0 = Release|Any CPU
		{66EDC2EB-15DB-4A70-9171-26D9593B78F4}.Debug|Any CPU.ActiveCfg = Debug|Any CPU
		{66EDC2EB-15DB-4A70-9171-26D9593B78F4}.Debug|Any CPU.Build.0 = Debug|Any CPU
		{66EDC2EB-15DB-4A70-9171-26D9593B78F4}.Release|Any CPU.ActiveCfg = Release|Any CPU
		{66EDC2EB-15DB-4A70-9171-26D9593B78F4}.Release|Any CPU.Build.0 = Release|Any CPU
		{88842104-74BE-4878-86A5-3A220AB70016}.Debug|Any CPU.ActiveCfg = Debug|Any CPU
		{88842104-74BE-4878-86A5-3A220AB70016}.Debug|Any CPU.Build.0 = Debug|Any CPU
		{88842104-74BE-4878-86A5-3A220AB70016}.Release|Any CPU.ActiveCfg = Release|Any CPU
		{88842104-74BE-4878-86A5-3A220AB70016}.Release|Any CPU.Build.0 = Release|Any CPU
		{C3176FB6-4BEA-4982-8789-8F9AB4C957F3}.Debug|Any CPU.ActiveCfg = Debug|Any CPU
		{C3176FB6-4BEA-4982-8789-8F9AB4C957F3}.Debug|Any CPU.Build.0 = Debug|Any CPU
		{C3176FB6-4BEA-4982-8789-8F9AB4C957F3}.Release|Any CPU.ActiveCfg = Release|Any CPU
		{C3176FB6-4BEA-4982-8789-8F9AB4C957F3}.Release|Any CPU.Build.0 = Release|Any CPU
		{D81E78EF-6A7F-4F30-91BB-6700D066AEA4}.Debug|Any CPU.ActiveCfg = Debug|Any CPU
		{D81E78EF-6A7F-4F30-91BB-6700D066AEA4}.Debug|Any CPU.Build.0 = Debug|Any CPU
		{D81E78EF-6A7F-4F30-91BB-6700D066AEA4}.Release|Any CPU.ActiveCfg = Release|Any CPU
		{D81E78EF-6A7F-4F30-91BB-6700D066AEA4}.Release|Any CPU.Build.0 = Release|Any CPU
		{0A0C7D14-A738-475C-9E62-B6DF4DA391F6}.Debug|Any CPU.ActiveCfg = Debug|Any CPU
		{0A0C7D14-A738-475C-9E62-B6DF4DA391F6}.Debug|Any CPU.Build.0 = Debug|Any CPU
		{0A0C7D14-A738-475C-9E62-B6DF4DA391F6}.Release|Any CPU.ActiveCfg = Release|Any CPU
		{0A0C7D14-A738-475C-9E62-B6DF4DA391F6}.Release|Any CPU.Build.0 = Release|Any CPU
		{8269A6C2-3517-49E9-A688-136499A32142}.Debug|Any CPU.ActiveCfg = Debug|Any CPU
		{8269A6C2-3517-49E9-A688-136499A32142}.Debug|Any CPU.Build.0 = Debug|Any CPU
		{8269A6C2-3517-49E9-A688-136499A32142}.Release|Any CPU.ActiveCfg = Release|Any CPU
		{8269A6C2-3517-49E9-A688-136499A32142}.Release|Any CPU.Build.0 = Release|Any CPU
		{42EC7B74-E48B-4841-A4C8-D23B2AAAC215}.Debug|Any CPU.ActiveCfg = Debug|Any CPU
		{42EC7B74-E48B-4841-A4C8-D23B2AAAC215}.Debug|Any CPU.Build.0 = Debug|Any CPU
		{42EC7B74-E48B-4841-A4C8-D23B2AAAC215}.Release|Any CPU.ActiveCfg = Release|Any CPU
		{42EC7B74-E48B-4841-A4C8-D23B2AAAC215}.Release|Any CPU.Build.0 = Release|Any CPU
		{77C6BF63-294A-4B6D-ACAD-56F5734B1E4C}.Debug|Any CPU.ActiveCfg = Debug|Any CPU
		{77C6BF63-294A-4B6D-ACAD-56F5734B1E4C}.Debug|Any CPU.Build.0 = Debug|Any CPU
		{77C6BF63-294A-4B6D-ACAD-56F5734B1E4C}.Release|Any CPU.ActiveCfg = Release|Any CPU
		{77C6BF63-294A-4B6D-ACAD-56F5734B1E4C}.Release|Any CPU.Build.0 = Release|Any CPU
		{8DFB4D21-3329-4FE0-A331-2EFF1FE8C793}.Debug|Any CPU.ActiveCfg = Debug|Any CPU
		{8DFB4D21-3329-4FE0-A331-2EFF1FE8C793}.Debug|Any CPU.Build.0 = Debug|Any CPU
		{8DFB4D21-3329-4FE0-A331-2EFF1FE8C793}.Release|Any CPU.ActiveCfg = Release|Any CPU
		{8DFB4D21-3329-4FE0-A331-2EFF1FE8C793}.Release|Any CPU.Build.0 = Release|Any CPU
		{B3DAD5C6-AA92-4501-B59D-20FAD8EBEDD2}.Debug|Any CPU.ActiveCfg = Debug|Any CPU
		{B3DAD5C6-AA92-4501-B59D-20FAD8EBEDD2}.Debug|Any CPU.Build.0 = Debug|Any CPU
		{B3DAD5C6-AA92-4501-B59D-20FAD8EBEDD2}.Release|Any CPU.ActiveCfg = Release|Any CPU
		{B3DAD5C6-AA92-4501-B59D-20FAD8EBEDD2}.Release|Any CPU.Build.0 = Release|Any CPU
	EndGlobalSection
EndGlobal
